
Microsoft Visual Studio Solution File, Format Version 12.00
# Visual Studio Version 17
VisualStudioVersion = 17.2.32630.192
MinimumVisualStudioVersion = 10.0.40219.1
Project("{FAE04EC0-301F-11D3-BF4B-00C04F79EFBC}") = "GuruNanak", "GuruNanak\GuruNanak.csproj", "{9268C022-2DBF-43A1-90C0-3111FBD08F01}"
EndProject
Global
	GlobalSection(SolutionConfigurationPlatforms) = preSolution
		Debug|Any CPU = Debug|Any CPU
		Release|Any CPU = Release|Any CPU
	EndGlobalSection
	GlobalSection(ProjectConfigurationPlatforms) = postSolution
		{9268C022-2DBF-43A1-90C0-3111FBD08F01}.Debug|Any CPU.ActiveCfg = Debug|Any CPU
		{9268C022-2DBF-43A1-90C0-3111FBD08F01}.Debug|Any CPU.Build.0 = Debug|Any CPU
		{9268C022-2DBF-43A1-90C0-3111FBD08F01}.Release|Any CPU.ActiveCfg = Release|Any CPU
		{9268C022-2DBF-43A1-90C0-3111FBD08F01}.Release|Any CPU.Build.0 = Release|Any CPU
	EndGlobalSection
	GlobalSection(SolutionProperties) = preSolution
		HideSolutionNode = FALSE
	EndGlobalSection
	GlobalSection(ExtensibilityGlobals) = postSolution
		SolutionGuid = {7EFF82D2-BAE3-46C6-9510-43C4EF1A9546}
	EndGlobalSection
EndGlobal
